
Microsoft Visual Studio Solution File, Format Version 12.00
# Visual Studio Version 17
VisualStudioVersion = 17.14.36511.14 d17.14
MinimumVisualStudioVersion = 10.0.40219.1
Project("{FAE04EC0-301F-11D3-BF4B-00C04F79EFBC}") = "MvcMovie", "MvcMovie.csproj", "{16263C6E-4097-498A-8DAC-12FBF3A5DE37}"
EndProject
Global
	GlobalSection(SolutionConfigurationPlatforms) = preSolution
		Debug|Any CPU = Debug|Any CPU
		Release|Any CPU = Release|Any CPU
	EndGlobalSection
	GlobalSection(ProjectConfigurationPlatforms) = postSolution
		{16263C6E-4097-498A-8DAC-12FBF3A5DE37}.Debug|Any CPU.ActiveCfg = Debug|Any CPU
		{16263C6E-4097-498A-8DAC-12FBF3A5DE37}.Debug|Any CPU.Build.0 = Debug|Any CPU
		{16263C6E-4097-498A-8DAC-12FBF3A5DE37}.Release|Any CPU.ActiveCfg = Release|Any CPU
		{16263C6E-4097-498A-8DAC-12FBF3A5DE37}.Release|Any CPU.Build.0 = Release|Any CPU
	EndGlobalSection
	GlobalSection(SolutionProperties) = preSolution
		HideSolutionNode = FALSE
	EndGlobalSection
	GlobalSection(ExtensibilityGlobals) = postSolution
		SolutionGuid = {FD0CC191-8A18-4150-AFAB-7C75ACE7331C}
	EndGlobalSection
EndGlobal
